
Microsoft Visual Studio Solution File, Format Version 12.00
# Visual Studio Version 16
VisualStudioVersion = 16.0.29503.13
MinimumVisualStudioVersion = 10.0.40219.1
Project("{FAE04EC0-301F-11D3-BF4B-00C04F79EFBC}") = "Xam4AspNetPrism", "Xam4AspNetPrism\Xam4AspNetPrism\Xam4AspNetPrism.csproj", "{9211ADCD-D97C-439E-A040-3EF32C33EEDC}"
EndProject
Project("{FAE04EC0-301F-11D3-BF4B-00C04F79EFBC}") = "Xam4AspNetPrism.Android", "Xam4AspNetPrism\Xam4AspNetPrism.Android\Xam4AspNetPrism.Android.csproj", "{BD9846AA-0EA7-49E9-B50F-4A2A075DAD38}"
EndProject
Project("{FAE04EC0-301F-11D3-BF4B-00C04F79EFBC}") = "Xam4AspNetPrism.iOS", "Xam4AspNetPrism\Xam4AspNetPrism.iOS\Xam4AspNetPrism.iOS.csproj", "{7E9D27A1-391A-4432-802F-1ACD4EABA804}"
EndProject
Project("{FAE04EC0-301F-11D3-BF4B-00C04F79EFBC}") = "Xam4AspNetPrism.UWP", "Xam4AspNetPrism\Xam4AspNetPrism.UWP\Xam4AspNetPrism.UWP.csproj", "{10DEB3F6-783A-48EB-84B8-AAC0F46F30D5}"
EndProject
Global
	GlobalSection(SolutionConfigurationPlatforms) = preSolution
		Ad-Hoc|Any CPU = Ad-Hoc|Any CPU
		Ad-Hoc|ARM = Ad-Hoc|ARM
		Ad-Hoc|iPhone = Ad-Hoc|iPhone
		Ad-Hoc|iPhoneSimulator = Ad-Hoc|iPhoneSimulator
		Ad-Hoc|x64 = Ad-Hoc|x64
		Ad-Hoc|x86 = Ad-Hoc|x86
		AppStore|Any CPU = AppStore|Any CPU
		AppStore|ARM = AppStore|ARM
		AppStore|iPhone = AppStore|iPhone
		AppStore|iPhoneSimulator = AppStore|iPhoneSimulator
		AppStore|x64 = AppStore|x64
		AppStore|x86 = AppStore|x86
		Debug|Any CPU = Debug|Any CPU
		Debug|ARM = Debug|ARM
		Debug|iPhone = Debug|iPhone
		Debug|iPhoneSimulator = Debug|iPhoneSimulator
		Debug|x64 = Debug|x64
		Debug|x86 = Debug|x86
		Release|Any CPU = Release|Any CPU
		Release|ARM = Release|ARM
		Release|iPhone = Release|iPhone
		Release|iPhoneSimulator = Release|iPhoneSimulator
		Release|x64 = Release|x64
		Release|x86 = Release|x86
	EndGlobalSection
	GlobalSection(ProjectConfigurationPlatforms) = postSolution
		{9211ADCD-D97C-439E-A040-3EF32C33EEDC}.Ad-Hoc|Any CPU.ActiveCfg = Debug|Any CPU
		{9211ADCD-D97C-439E-A040-3EF32C33EEDC}.Ad-Hoc|Any CPU.Build.0 = Debug|Any CPU
		{9211ADCD-D97C-439E-A040-3EF32C33EEDC}.Ad-Hoc|ARM.ActiveCfg = Debug|Any CPU
		{9211ADCD-D97C-439E-A040-3EF32C33EEDC}.Ad-Hoc|ARM.Build.0 = Debug|Any CPU
		{9211ADCD-D97C-439E-A040-3EF32C33EEDC}.Ad-Hoc|iPhone.ActiveCfg = Debug|Any CPU
		{9211ADCD-D97C-439E-A040-3EF32C33EEDC}.Ad-Hoc|iPhone.Build.0 = Debug|Any CPU
		{9211ADCD-D97C-439E-A040-3EF32C33EEDC}.Ad-Hoc|iPhoneSimulator.ActiveCfg = Debug|Any CPU
		{9211ADCD-D97C-439E-A040-3EF32C33EEDC}.Ad-Hoc|iPhoneSimulator.Build.0 = Debug|Any CPU
		{9211ADCD-D97C-439E-A040-3EF32C33EEDC}.Ad-Hoc|x64.ActiveCfg = Debug|Any CPU
		{9211ADCD-D97C-439E-A040-3EF32C33EEDC}.Ad-Hoc|x64.Build.0 = Debug|Any CPU
		{9211ADCD-D97C-439E-A040-3EF32C33EEDC}.Ad-Hoc|x86.ActiveCfg = Debug|Any CPU
		{9211ADCD-D97C-439E-A040-3EF32C33EEDC}.Ad-Hoc|x86.Build.0 = Debug|Any CPU
		{9211ADCD-D97C-439E-A040-3EF32C33EEDC}.AppStore|Any CPU.ActiveCfg = Debug|Any CPU
		{9211ADCD-D97C-439E-A040-3EF32C33EEDC}.AppStore|Any CPU.Build.0 = Debug|Any CPU
		{9211ADCD-D97C-439E-A040-3EF32C33EEDC}.AppStore|ARM.ActiveCfg = Debug|Any CPU
		{9211ADCD-D97C-439E-A040-3EF32C33EEDC}.AppStore|ARM.Build.0 = Debug|Any CPU
		{9211ADCD-D97C-439E-A040-3EF32C33EEDC}.AppStore|iPhone.ActiveCfg = Debug|Any CPU
		{9211ADCD-D97C-439E-A040-3EF32C33EEDC}.AppStore|iPhone.Build.0 = Debug|Any CPU
		{9211ADCD-D97C-439E-A040-3EF32C33EEDC}.AppStore|iPhoneSimulator.ActiveCfg = Debug|Any CPU
		{9211ADCD-D97C-439E-A040-3EF32C33EEDC}.AppStore|iPhoneSimulator.Build.0 = Debug|Any CPU
		{9211ADCD-D97C-439E-A040-3EF32C33EEDC}.AppStore|x64.ActiveCfg = Debug|Any CPU
		{9211ADCD-D97C-439E-A040-3EF32C33EEDC}.AppStore|x64.Build.0 = Debug|Any CPU
		{9211ADCD-D97C-439E-A040-3EF32C33EEDC}.AppStore|x86.ActiveCfg = Debug|Any CPU
		{9211ADCD-D97C-439E-A040-3EF32C33EEDC}.AppStore|x86.Build.0 = Debug|Any CPU
		{9211ADCD-D97C-439E-A040-3EF32C33EEDC}.Debug|Any CPU.ActiveCfg = Debug|Any CPU
		{9211ADCD-D97C-439E-A040-3EF32C33EEDC}.Debug|Any CPU.Build.0 = Debug|Any CPU
		{9211ADCD-D97C-439E-A040-3EF32C33EEDC}.Debug|ARM.ActiveCfg = Debug|Any CPU
		{9211ADCD-D97C-439E-A040-3EF32C33EEDC}.Debug|ARM.Build.0 = Debug|Any CPU
		{9211ADCD-D97C-439E-A040-3EF32C33EEDC}.Debug|iPhone.ActiveCfg = Debug|Any CPU
		{9211ADCD-D97C-439E-A040-3EF32C33EEDC}.Debug|iPhone.Build.0 = Debug|Any CPU
		{9211ADCD-D97C-439E-A040-3EF32C33EEDC}.Debug|iPhoneSimulator.ActiveCfg = Debug|Any CPU
		{9211ADCD-D97C-439E-A040-3EF32C33EEDC}.Debug|iPhoneSimulator.Build.0 = Debug|Any CPU
		{9211ADCD-D97C-439E-A040-3EF32C33EEDC}.Debug|x64.ActiveCfg = Debug|Any CPU
		{9211ADCD-D97C-439E-A040-3EF32C33EEDC}.Debug|x64.Build.0 = Debug|Any CPU
		{9211ADCD-D97C-439E-A040-3EF32C33EEDC}.Debug|x86.ActiveCfg = Debug|Any CPU
		{9211ADCD-D97C-439E-A040-3EF32C33EEDC}.Debug|x86.Build.0 = Debug|Any CPU
		{9211ADCD-D97C-439E-A040-3EF32C33EEDC}.Release|Any CPU.ActiveCfg = Release|Any CPU
		{9211ADCD-D97C-439E-A040-3EF32C33EEDC}.Release|Any CPU.Build.0 = Release|Any CPU
		{9211ADCD-D97C-439E-A040-3EF32C33EEDC}.Release|ARM.ActiveCfg = Release|Any CPU
		{9211ADCD-D97C-439E-A040-3EF32C33EEDC}.Release|ARM.Build.0 = Release|Any CPU
		{9211ADCD-D97C-439E-A040-3EF32C33EEDC}.Release|iPhone.ActiveCfg = Release|Any CPU
		{9211ADCD-D97C-439E-A040-3EF32C33EEDC}.Release|iPhone.Build.0 = Release|Any CPU
		{9211ADCD-D97C-439E-A040-3EF32C33EEDC}.Release|iPhoneSimulator.ActiveCfg = Release|Any CPU
		{9211ADCD-D97C-439E-A040-3EF32C33EEDC}.Release|iPhoneSimulator.Build.0 = Release|Any CPU
		{9211ADCD-D97C-439E-A040-3EF32C33EEDC}.Release|x64.ActiveCfg = Release|Any CPU
		{9211ADCD-D97C-439E-A040-3EF32C33EEDC}.Release|x64.Build.0 = Release|Any CPU
		{9211ADCD-D97C-439E-A040-3EF32C33EEDC}.Release|x86.ActiveCfg = Release|Any CPU
		{9211ADCD-D97C-439E-A040-3EF32C33EEDC}.Release|x86.Build.0 = Release|Any CPU
		{BD9846AA-0EA7-49E9-B50F-4A2A075DAD38}.Ad-Hoc|Any CPU.ActiveCfg = Release|Any CPU
		{BD9846AA-0EA7-49E9-B50F-4A2A075DAD38}.Ad-Hoc|Any CPU.Build.0 = Release|Any CPU
		{BD9846AA-0EA7-49E9-B50F-4A2A075DAD38}.Ad-Hoc|Any CPU.Deploy.0 = Release|Any CPU
		{BD9846AA-0EA7-49E9-B50F-4A2A075DAD38}.Ad-Hoc|ARM.ActiveCfg = Release|Any CPU
		{BD9846AA-0EA7-49E9-B50F-4A2A075DAD38}.Ad-Hoc|ARM.Build.0 = Release|Any CPU
		{BD9846AA-0EA7-49E9-B50F-4A2A075DAD38}.Ad-Hoc|ARM.Deploy.0 = Release|Any CPU
		{BD9846AA-0EA7-49E9-B50F-4A2A075DAD38}.Ad-Hoc|iPhone.ActiveCfg = Release|Any CPU
		{BD9846AA-0EA7-49E9-B50F-4A2A075DAD38}.Ad-Hoc|iPhone.Build.0 = Release|Any CPU
		{BD9846AA-0EA7-49E9-B50F-4A2A075DAD38}.Ad-Hoc|iPhone.Deploy.0 = Release|Any CPU
		{BD9846AA-0EA7-49E9-B50F-4A2A075DAD38}.Ad-Hoc|iPhoneSimulator.ActiveCfg = Release|Any CPU
		{BD9846AA-0EA7-49E9-B50F-4A2A075DAD38}.Ad-Hoc|iPhoneSimulator.Build.0 = Release|Any CPU
		{BD9846AA-0EA7-49E9-B50F-4A2A075DAD38}.Ad-Hoc|iPhoneSimulator.Deploy.0 = Release|Any CPU
		{BD9846AA-0EA7-49E9-B50F-4A2A075DAD38}.Ad-Hoc|x64.ActiveCfg = Release|Any CPU
		{BD9846AA-0EA7-49E9-B50F-4A2A075DAD38}.Ad-Hoc|x64.Build.0 = Release|Any CPU
		{BD9846AA-0EA7-49E9-B50F-4A2A075DAD38}.Ad-Hoc|x64.Deploy.0 = Release|Any CPU
		{BD9846AA-0EA7-49E9-B50F-4A2A075DAD38}.Ad-Hoc|x86.ActiveCfg = Release|Any CPU
		{BD9846AA-0EA7-49E9-B50F-4A2A075DAD38}.Ad-Hoc|x86.Build.0 = Release|Any CPU
		{BD9846AA-0EA7-49E9-B50F-4A2A075DAD38}.Ad-Hoc|x86.Deploy.0 = Release|Any CPU
		{BD9846AA-0EA7-49E9-B50F-4A2A075DAD38}.AppStore|Any CPU.ActiveCfg = Release|Any CPU
		{BD9846AA-0EA7-49E9-B50F-4A2A075DAD38}.AppStore|Any CPU.Build.0 = Release|Any CPU
		{BD9846AA-0EA7-49E9-B50F-4A2A075DAD38}.AppStore|Any CPU.Deploy.0 = Release|Any CPU
		{BD9846AA-0EA7-49E9-B50F-4A2A075DAD38}.AppStore|ARM.ActiveCfg = Release|Any CPU
		{BD9846AA-0EA7-49E9-B50F-4A2A075DAD38}.AppStore|ARM.Build.0 = Release|Any CPU
		{BD9846AA-0EA7-49E9-B50F-4A2A075DAD38}.AppStore|ARM.Deploy.0 = Release|Any CPU
		{BD9846AA-0EA7-49E9-B50F-4A2A075DAD38}.AppStore|iPhone.ActiveCfg = Release|Any CPU
		{BD9846AA-0EA7-49E9-B50F-4A2A075DAD38}.AppStore|iPhone.Build.0 = Release|Any CPU
		{BD9846AA-0EA7-49E9-B50F-4A2A075DAD38}.AppStore|iPhone.Deploy.0 = Release|Any CPU
		{BD9846AA-0EA7-49E9-B50F-4A2A075DAD38}.AppStore|iPhoneSimulator.ActiveCfg = Release|Any CPU
		{BD9846AA-0EA7-49E9-B50F-4A2A075DAD38}.AppStore|iPhoneSimulator.Build.0 = Release|Any CPU
		{BD9846AA-0EA7-49E9-B50F-4A2A075DAD38}.AppStore|iPhoneSimulator.Deploy.0 = Release|Any CPU
		{BD9846AA-0EA7-49E9-B50F-4A2A075DAD38}.AppStore|x64.ActiveCfg = Release|Any CPU
		{BD9846AA-0EA7-49E9-B50F-4A2A075DAD38}.AppStore|x64.Build.0 = Release|Any CPU
		{BD9846AA-0EA7-49E9-B50F-4A2A075DAD38}.AppStore|x64.Deploy.0 = Release|Any CPU
		{BD9846AA-0EA7-49E9-B50F-4A2A075DAD38}.AppStore|x86.ActiveCfg = Release|Any CPU
		{BD9846AA-0EA7-49E9-B50F-4A2A075DAD38}.AppStore|x86.Build.0 = Release|Any CPU
		{BD9846AA-0EA7-49E9-B50F-4A2A075DAD38}.AppStore|x86.Deploy.0 = Release|Any CPU
		{BD9846AA-0EA7-49E9-B50F-4A2A075DAD38}.Debug|Any CPU.ActiveCfg = Debug|Any CPU
		{BD9846AA-0EA7-49E9-B50F-4A2A075DAD38}.Debug|Any CPU.Build.0 = Debug|Any CPU
		{BD9846AA-0EA7-49E9-B50F-4A2A075DAD38}.Debug|Any CPU.Deploy.0 = Debug|Any CPU
		{BD9846AA-0EA7-49E9-B50F-4A2A075DAD38}.Debug|ARM.ActiveCfg = Debug|Any CPU
		{BD9846AA-0EA7-49E9-B50F-4A2A075DAD38}.Debug|ARM.Build.0 = Debug|Any CPU
		{BD9846AA-0EA7-49E9-B50F-4A2A075DAD38}.Debug|ARM.Deploy.0 = Debug|Any CPU
		{BD9846AA-0EA7-49E9-B50F-4A2A075DAD38}.Debug|iPhone.ActiveCfg = Debug|Any CPU
		{BD9846AA-0EA7-49E9-B50F-4A2A075DAD38}.Debug|iPhone.Build.0 = Debug|Any CPU
		{BD9846AA-0EA7-49E9-B50F-4A2A075DAD38}.Debug|iPhone.Deploy.0 = Debug|Any CPU
		{BD9846AA-0EA7-49E9-B50F-4A2A075DAD38}.Debug|iPhoneSimulator.ActiveCfg = Debug|Any CPU
		{BD9846AA-0EA7-49E9-B50F-4A2A075DAD38}.Debug|iPhoneSimulator.Build.0 = Debug|Any CPU
		{BD9846AA-0EA7-49E9-B50F-4A2A075DAD38}.Debug|iPhoneSimulator.Deploy.0 = Debug|Any CPU
		{BD9846AA-0EA7-49E9-B50F-4A2A075DAD38}.Debug|x64.ActiveCfg = Debug|Any CPU
		{BD9846AA-0EA7-49E9-B50F-4A2A075DAD38}.Debug|x64.Build.0 = Debug|Any CPU
		{BD9846AA-0EA7-49E9-B50F-4A2A075DAD38}.Debug|x64.Deploy.0 = Debug|Any CPU
		{BD9846AA-0EA7-49E9-B50F-4A2A075DAD38}.Debug|x86.ActiveCfg = Debug|Any CPU
		{BD9846AA-0EA7-49E9-B50F-4A2A075DAD38}.Debug|x86.Build.0 = Debug|Any CPU
		{BD9846AA-0EA7-49E9-B50F-4A2A075DAD38}.Debug|x86.Deploy.0 = Debug|Any CPU
		{BD9846AA-0EA7-49E9-B50F-4A2A075DAD38}.Release|Any CPU.ActiveCfg = Release|Any CPU
		{BD9846AA-0EA7-49E9-B50F-4A2A075DAD38}.Release|Any CPU.Build.0 = Release|Any CPU
		{BD9846AA-0EA7-49E9-B50F-4A2A075DAD38}.Release|Any CPU.Deploy.0 = Release|Any CPU
		{BD9846AA-0EA7-49E9-B50F-4A2A075DAD38}.Release|ARM.ActiveCfg = Release|Any CPU
		{BD9846AA-0EA7-49E9-B50F-4A2A075DAD38}.Release|ARM.Build.0 = Release|Any CPU
		{BD9846AA-0EA7-49E9-B50F-4A2A075DAD38}.Release|ARM.Deploy.0 = Release|Any CPU
		{BD9846AA-0EA7-49E9-B50F-4A2A075DAD38}.Release|iPhone.ActiveCfg = Release|Any CPU
		{BD9846AA-0EA7-49E9-B50F-4A2A075DAD38}.Release|iPhone.Build.0 = Release|Any CPU
		{BD9846AA-0EA7-49E9-B50F-4A2A075DAD38}.Release|iPhone.Deploy.0 = Release|Any CPU
		{BD9846AA-0EA7-49E9-B50F-4A2A075DAD38}.Release|iPhoneSimulator.ActiveCfg = Release|Any CPU
		{BD9846AA-0EA7-49E9-B50F-4A2A075DAD38}.Release|iPhoneSimulator.Build.0 = Release|Any CPU
		{BD9846AA-0EA7-49E9-B50F-4A2A075DAD38}.Release|iPhoneSimulator.Deploy.0 = Release|Any CPU
		{BD9846AA-0EA7-49E9-B50F-4A2A075DAD38}.Release|x64.ActiveCfg = Release|Any CPU
		{BD9846AA-0EA7-49E9-B50F-4A2A075DAD38}.Release|x64.Build.0 = Release|Any CPU
		{BD9846AA-0EA7-49E9-B50F-4A2A075DAD38}.Release|x64.Deploy.0 = Release|Any CPU
		{BD9846AA-0EA7-49E9-B50F-4A2A075DAD38}.Release|x86.ActiveCfg = Release|Any CPU
		{BD9846AA-0EA7-49E9-B50F-4A2A075DAD38}.Release|x86.Build.0 = Release|Any CPU
		{BD9846AA-0EA7-49E9-B50F-4A2A075DAD38}.Release|x86.Deploy.0 = Release|Any CPU
		{7E9D27A1-391A-4432-802F-1ACD4EABA804}.Ad-Hoc|Any CPU.ActiveCfg = Ad-Hoc|iPhone
		{7E9D27A1-391A-4432-802F-1ACD4EABA804}.Ad-Hoc|ARM.ActiveCfg = Ad-Hoc|iPhone
		{7E9D27A1-391A-4432-802F-1ACD4EABA804}.Ad-Hoc|iPhone.ActiveCfg = Ad-Hoc|iPhone
		{7E9D27A1-391A-4432-802F-1ACD4EABA804}.Ad-Hoc|iPhone.Build.0 = Ad-Hoc|iPhone
		{7E9D27A1-391A-4432-802F-1ACD4EABA804}.Ad-Hoc|iPhoneSimulator.ActiveCfg = Ad-Hoc|iPhoneSimulator
		{7E9D27A1-391A-4432-802F-1ACD4EABA804}.Ad-Hoc|iPhoneSimulator.Build.0 = Ad-Hoc|iPhoneSimulator
		{7E9D27A1-391A-4432-802F-1ACD4EABA804}.Ad-Hoc|x64.ActiveCfg = Ad-Hoc|iPhone
		{7E9D27A1-391A-4432-802F-1ACD4EABA804}.Ad-Hoc|x86.ActiveCfg = Ad-Hoc|iPhone
		{7E9D27A1-391A-4432-802F-1ACD4EABA804}.AppStore|Any CPU.ActiveCfg = AppStore|iPhone
		{7E9D27A1-391A-4432-802F-1ACD4EABA804}.AppStore|ARM.ActiveCfg = AppStore|iPhone
		{7E9D27A1-391A-4432-802F-1ACD4EABA804}.AppStore|iPhone.ActiveCfg = AppStore|iPhone
		{7E9D27A1-391A-4432-802F-1ACD4EABA804}.AppStore|iPhone.Build.0 = AppStore|iPhone
		{7E9D27A1-391A-4432-802F-1ACD4EABA804}.AppStore|iPhoneSimulator.ActiveCfg = AppStore|iPhoneSimulator
		{7E9D27A1-391A-4432-802F-1ACD4EABA804}.AppStore|iPhoneSimulator.Build.0 = AppStore|iPhoneSimulator
		{7E9D27A1-391A-4432-802F-1ACD4EABA804}.AppStore|x64.ActiveCfg = AppStore|iPhone
		{7E9D27A1-391A-4432-802F-1ACD4EABA804}.AppStore|x86.ActiveCfg = AppStore|iPhone
		{7E9D27A1-391A-4432-802F-1ACD4EABA804}.Debug|Any CPU.ActiveCfg = Debug|iPhone
		{7E9D27A1-391A-4432-802F-1ACD4EABA804}.Debug|ARM.ActiveCfg = Debug|iPhone
		{7E9D27A1-391A-4432-802F-1ACD4EABA804}.Debug|iPhone.ActiveCfg = Debug|iPhone
		{7E9D27A1-391A-4432-802F-1ACD4EABA804}.Debug|iPhone.Build.0 = Debug|iPhone
		{7E9D27A1-391A-4432-802F-1ACD4EABA804}.Debug|iPhoneSimulator.ActiveCfg = Debug|iPhoneSimulator
		{7E9D27A1-391A-4432-802F-1ACD4EABA804}.Debug|iPhoneSimulator.Build.0 = Debug|iPhoneSimulator
		{7E9D27A1-391A-4432-802F-1ACD4EABA804}.Debug|x64.ActiveCfg = Debug|iPhone
		{7E9D27A1-391A-4432-802F-1ACD4EABA804}.Debug|x86.ActiveCfg = Debug|iPhone
		{7E9D27A1-391A-4432-802F-1ACD4EABA804}.Release|Any CPU.ActiveCfg = Release|iPhone
		{7E9D27A1-391A-4432-802F-1ACD4EABA804}.Release|ARM.ActiveCfg = Release|iPhone
		{7E9D27A1-391A-4432-802F-1ACD4EABA804}.Release|iPhone.ActiveCfg = Release|iPhone
		{7E9D27A1-391A-4432-802F-1ACD4EABA804}.Release|iPhone.Build.0 = Release|iPhone
		{7E9D27A1-391A-4432-802F-1ACD4EABA804}.Release|iPhoneSimulator.ActiveCfg = Release|iPhoneSimulator
		{7E9D27A1-391A-4432-802F-1ACD4EABA804}.Release|iPhoneSimulator.Build.0 = Release|iPhoneSimulator
		{7E9D27A1-391A-4432-802F-1ACD4EABA804}.Release|x64.ActiveCfg = Release|iPhone
		{7E9D27A1-391A-4432-802F-1ACD4EABA804}.Release|x86.ActiveCfg = Release|iPhone
		{10DEB3F6-783A-48EB-84B8-AAC0F46F30D5}.Ad-Hoc|Any CPU.ActiveCfg = Release|x86
		{10DEB3F6-783A-48EB-84B8-AAC0F46F30D5}.Ad-Hoc|Any CPU.Build.0 = Release|x86
		{10DEB3F6-783A-48EB-84B8-AAC0F46F30D5}.Ad-Hoc|Any CPU.Deploy.0 = Release|x86
		{10DEB3F6-783A-48EB-84B8-AAC0F46F30D5}.Ad-Hoc|ARM.ActiveCfg = Release|ARM
		{10DEB3F6-783A-48EB-84B8-AAC0F46F30D5}.Ad-Hoc|ARM.Build.0 = Release|ARM
		{10DEB3F6-783A-48EB-84B8-AAC0F46F30D5}.Ad-Hoc|ARM.Deploy.0 = Release|ARM
		{10DEB3F6-783A-48EB-84B8-AAC0F46F30D5}.Ad-Hoc|iPhone.ActiveCfg = Release|x86
		{10DEB3F6-783A-48EB-84B8-AAC0F46F30D5}.Ad-Hoc|iPhone.Build.0 = Release|x86
		{10DEB3F6-783A-48EB-84B8-AAC0F46F30D5}.Ad-Hoc|iPhone.Deploy.0 = Release|x86
		{10DEB3F6-783A-48EB-84B8-AAC0F46F30D5}.Ad-Hoc|iPhoneSimulator.ActiveCfg = Release|x86
		{10DEB3F6-783A-48EB-84B8-AAC0F46F30D5}.Ad-Hoc|iPhoneSimulator.Build.0 = Release|x86
		{10DEB3F6-783A-48EB-84B8-AAC0F46F30D5}.Ad-Hoc|iPhoneSimulator.Deploy.0 = Release|x86
		{10DEB3F6-783A-48EB-84B8-AAC0F46F30D5}.Ad-Hoc|x64.ActiveCfg = Release|x64
		{10DEB3F6-783A-48EB-84B8-AAC0F46F30D5}.Ad-Hoc|x64.Build.0 = Release|x64
		{10DEB3F6-783A-48EB-84B8-AAC0F46F30D5}.Ad-Hoc|x64.Deploy.0 = Release|x64
		{10DEB3F6-783A-48EB-84B8-AAC0F46F30D5}.Ad-Hoc|x86.ActiveCfg = Release|x86
		{10DEB3F6-783A-48EB-84B8-AAC0F46F30D5}.Ad-Hoc|x86.Build.0 = Release|x86
		{10DEB3F6-783A-48EB-84B8-AAC0F46F30D5}.Ad-Hoc|x86.Deploy.0 = Release|x86
		{10DEB3F6-783A-48EB-84B8-AAC0F46F30D5}.AppStore|Any CPU.ActiveCfg = Release|x86
		{10DEB3F6-783A-48EB-84B8-AAC0F46F30D5}.AppStore|Any CPU.Build.0 = Release|x86
		{10DEB3F6-783A-48EB-84B8-AAC0F46F30D5}.AppStore|Any CPU.Deploy.0 = Release|x86
		{10DEB3F6-783A-48EB-84B8-AAC0F46F30D5}.AppStore|ARM.ActiveCfg = Release|ARM
		{10DEB3F6-783A-48EB-84B8-AAC0F46F30D5}.AppStore|ARM.Build.0 = Release|ARM
		{10DEB3F6-783A-48EB-84B8-AAC0F46F30D5}.AppStore|ARM.Deploy.0 = Release|ARM
		{10DEB3F6-783A-48EB-84B8-AAC0F46F30D5}.AppStore|iPhone.ActiveCfg = Release|x86
		{10DEB3F6-783A-48EB-84B8-AAC0F46F30D5}.AppStore|iPhone.Build.0 = Release|x86
		{10DEB3F6-783A-48EB-84B8-AAC0F46F30D5}.AppStore|iPhone.Deploy.0 = Release|x86
		{10DEB3F6-783A-48EB-84B8-AAC0F46F30D5}.AppStore|iPhoneSimulator.ActiveCfg = Release|x86
		{10DEB3F6-783A-48EB-84B8-AAC0F46F30D5}.AppStore|iPhoneSimulator.Build.0 = Release|x86
		{10DEB3F6-783A-48EB-84B8-AAC0F46F30D5}.AppStore|iPhoneSimulator.Deploy.0 = Release|x86
		{10DEB3F6-783A-48EB-84B8-AAC0F46F30D5}.AppStore|x64.ActiveCfg = Release|x64
		{10DEB3F6-783A-48EB-84B8-AAC0F46F30D5}.AppStore|x64.Build.0 = Release|x64
		{10DEB3F6-783A-48EB-84B8-AAC0F46F30D5}.AppStore|x64.Deploy.0 = Release|x64
		{10DEB3F6-783A-48EB-84B8-AAC0F46F30D5}.AppStore|x86.ActiveCfg = Release|x86
		{10DEB3F6-783A-48EB-84B8-AAC0F46F30D5}.AppStore|x86.Build.0 = Release|x86
		{10DEB3F6-783A-48EB-84B8-AAC0F46F30D5}.AppStore|x86.Deploy.0 = Release|x86
		{10DEB3F6-783A-48EB-84B8-AAC0F46F30D5}.Debug|Any CPU.ActiveCfg = Debug|x86
		{10DEB3F6-783A-48EB-84B8-AAC0F46F30D5}.Debug|ARM.ActiveCfg = Debug|ARM
		{10DEB3F6-783A-48EB-84B8-AAC0F46F30D5}.Debug|ARM.Build.0 = Debug|ARM
		{10DEB3F6-783A-48EB-84B8-AAC0F46F30D5}.Debug|ARM.Deploy.0 = Debug|ARM
		{10DEB3F6-783A-48EB-84B8-AAC0F46F30D5}.Debug|iPhone.ActiveCfg = Debug|x86
		{10DEB3F6-783A-48EB-84B8-AAC0F46F30D5}.Debug|iPhoneSimulator.ActiveCfg = Debug|x86
		{10DEB3F6-783A-48EB-84B8-AAC0F46F30D5}.Debug|x64.ActiveCfg = Debug|x64
		{10DEB3F6-783A-48EB-84B8-AAC0F46F30D5}.Debug|x64.Build.0 = Debug|x64
		{10DEB3F6-783A-48EB-84B8-AAC0F46F30D5}.Debug|x64.Deploy.0 = Debug|x64
		{10DEB3F6-783A-48EB-84B8-AAC0F46F30D5}.Debug|x86.ActiveCfg = Debug|x86
		{10DEB3F6-783A-48EB-84B8-AAC0F46F30D5}.Debug|x86.Build.0 = Debug|x86
		{10DEB3F6-783A-48EB-84B8-AAC0F46F30D5}.Debug|x86.Deploy.0 = Debug|x86
		{10DEB3F6-783A-48EB-84B8-AAC0F46F30D5}.Release|Any CPU.ActiveCfg = Release|x86
		{10DEB3F6-783A-48EB-84B8-AAC0F46F30D5}.Release|ARM.ActiveCfg = Release|ARM
		{10DEB3F6-783A-48EB-84B8-AAC0F46F30D5}.Release|ARM.Build.0 = Release|ARM
		{10DEB3F6-783A-48EB-84B8-AAC0F46F30D5}.Release|ARM.Deploy.0 = Release|ARM
		{10DEB3F6-783A-48EB-84B8-AAC0F46F30D5}.Release|iPhone.ActiveCfg = Release|x86
		{10DEB3F6-783A-48EB-84B8-AAC0F46F30D5}.Release|iPhoneSimulator.ActiveCfg = Release|x86
		{10DEB3F6-783A-48EB-84B8-AAC0F46F30D5}.Release|x64.ActiveCfg = Release|x64
		{10DEB3F6-783A-48EB-84B8-AAC0F46F30D5}.Release|x64.Build.0 = Release|x64
		{10DEB3F6-783A-48EB-84B8-AAC0F46F30D5}.Release|x64.Deploy.0 = Release|x64
		{10DEB3F6-783A-48EB-84B8-AAC0F46F30D5}.Release|x86.ActiveCfg = Release|x86
		{10DEB3F6-783A-48EB-84B8-AAC0F46F30D5}.Release|x86.Build.0 = Release|x86
		{10DEB3F6-783A-48EB-84B8-AAC0F46F30D5}.Release|x86.Deploy.0 = Release|x86
	EndGlobalSection
	GlobalSection(SolutionProperties) = preSolution
		HideSolutionNode = FALSE
	EndGlobalSection
	GlobalSection(ExtensibilityGlobals) = postSolution
		SolutionGuid = {49AD4EA6-4FBD-4264-9DE8-9C69B2F815CD}
	EndGlobalSection
EndGlobal
